
Microsoft Visual Studio Solution File, Format Version 12.00
# Visual Studio Version 17
VisualStudioVersion = 17.9.34728.123
MinimumVisualStudioVersion = 10.0.40219.1
Project("{9A19103F-16F7-4668-BE54-9A1E7A4F7556}") = "tree_alarm.server", "tree_alarm.Server\tree_alarm.server.csproj", "{2C7BA541-442B-4B4D-9997-DBF44E25DA23}"
EndProject
Project("{54A90642-561A-4BB1-A94E-469ADEE60C69}") = "tree_alarm.client", "tree_alarm.client\tree_alarm.client.esproj", "{A8FBC553-C7BA-47D3-B9B1-AAEE2DE7C50A}"
EndProject
Global
	GlobalSection(SolutionConfigurationPlatforms) = preSolution
		Debug|Any CPU = Debug|Any CPU
		Release|Any CPU = Release|Any CPU
	EndGlobalSection
	GlobalSection(ProjectConfigurationPlatforms) = postSolution
		{2C7BA541-442B-4B4D-9997-DBF44E25DA23}.Debug|Any CPU.ActiveCfg = Debug|Any CPU
		{2C7BA541-442B-4B4D-9997-DBF44E25DA23}.Debug|Any CPU.Build.0 = Debug|Any CPU
		{2C7BA541-442B-4B4D-9997-DBF44E25DA23}.Release|Any CPU.ActiveCfg = Release|Any CPU
		{2C7BA541-442B-4B4D-9997-DBF44E25DA23}.Release|Any CPU.Build.0 = Release|Any CPU
		{A8FBC553-C7BA-47D3-B9B1-AAEE2DE7C50A}.Debug|Any CPU.ActiveCfg = Debug|Any CPU
		{A8FBC553-C7BA-47D3-B9B1-AAEE2DE7C50A}.Debug|Any CPU.Build.0 = Debug|Any CPU
		{A8FBC553-C7BA-47D3-B9B1-AAEE2DE7C50A}.Debug|Any CPU.Deploy.0 = Debug|Any CPU
		{A8FBC553-C7BA-47D3-B9B1-AAEE2DE7C50A}.Release|Any CPU.ActiveCfg = Release|Any CPU
		{A8FBC553-C7BA-47D3-B9B1-AAEE2DE7C50A}.Release|Any CPU.Build.0 = Release|Any CPU
		{A8FBC553-C7BA-47D3-B9B1-AAEE2DE7C50A}.Release|Any CPU.Deploy.0 = Release|Any CPU
	EndGlobalSection
	GlobalSection(SolutionProperties) = preSolution
		HideSolutionNode = FALSE
	EndGlobalSection
	GlobalSection(ExtensibilityGlobals) = postSolution
		SolutionGuid = {4DC6D028-77E2-4722-AB5E-7866D336984F}
	EndGlobalSection
EndGlobal
