
Microsoft Visual Studio Solution File, Format Version 12.00
# Visual Studio Version 16
VisualStudioVersion = 16.0.31613.86
MinimumVisualStudioVersion = 10.0.40219.1
Project("{9A19103F-16F7-4668-BE54-9A1E7A4F7556}") = "LeafletAlarms", "LeafletAlarms.csproj", "{86EBDB8E-666D-4BA8-85FD-BEBA6BD76198}"
EndProject
Project("{FAE04EC0-301F-11D3-BF4B-00C04F79EFBC}") = "DbLayer", "..\DbLayer\DbLayer.csproj", "{1205FD20-5B18-427D-811B-90E31A97C8EE}"
EndProject
Project("{FAE04EC0-301F-11D3-BF4B-00C04F79EFBC}") = "Domain", "..\Domain\Domain.csproj", "{9C17B58C-C570-4422-A411-68E6C513E71E}"
EndProject
Global
	GlobalSection(SolutionConfigurationPlatforms) = preSolution
		Debug|Any CPU = Debug|Any CPU
		Release|Any CPU = Release|Any CPU
	EndGlobalSection
	GlobalSection(ProjectConfigurationPlatforms) = postSolution
		{86EBDB8E-666D-4BA8-85FD-BEBA6BD76198}.Debug|Any CPU.ActiveCfg = Debug|Any CPU
		{86EBDB8E-666D-4BA8-85FD-BEBA6BD76198}.Debug|Any CPU.Build.0 = Debug|Any CPU
		{86EBDB8E-666D-4BA8-85FD-BEBA6BD76198}.Release|Any CPU.ActiveCfg = Release|Any CPU
		{86EBDB8E-666D-4BA8-85FD-BEBA6BD76198}.Release|Any CPU.Build.0 = Release|Any CPU
		{1205FD20-5B18-427D-811B-90E31A97C8EE}.Debug|Any CPU.ActiveCfg = Debug|Any CPU
		{1205FD20-5B18-427D-811B-90E31A97C8EE}.Debug|Any CPU.Build.0 = Debug|Any CPU
		{1205FD20-5B18-427D-811B-90E31A97C8EE}.Release|Any CPU.ActiveCfg = Release|Any CPU
		{1205FD20-5B18-427D-811B-90E31A97C8EE}.Release|Any CPU.Build.0 = Release|Any CPU
		{9C17B58C-C570-4422-A411-68E6C513E71E}.Debug|Any CPU.ActiveCfg = Debug|Any CPU
		{9C17B58C-C570-4422-A411-68E6C513E71E}.Debug|Any CPU.Build.0 = Debug|Any CPU
		{9C17B58C-C570-4422-A411-68E6C513E71E}.Release|Any CPU.ActiveCfg = Release|Any CPU
		{9C17B58C-C570-4422-A411-68E6C513E71E}.Release|Any CPU.Build.0 = Release|Any CPU
	EndGlobalSection
	GlobalSection(SolutionProperties) = preSolution
		HideSolutionNode = FALSE
	EndGlobalSection
	GlobalSection(ExtensibilityGlobals) = postSolution
		SolutionGuid = {7C55F2C6-3043-4E33-8250-94120E478B31}
	EndGlobalSection
EndGlobal
