
Microsoft Visual Studio Solution File, Format Version 12.00
# Visual Studio Version 16
VisualStudioVersion = 16.0.33423.256
MinimumVisualStudioVersion = 10.0.40219.1
Project("{9A19103F-16F7-4668-BE54-9A1E7A4F7556}") = "GrpcTracksClient", "GrpcTracksClient.csproj", "{77578F8B-3110-48D1-B678-6B8A4338223B}"
EndProject
Global
	GlobalSection(SolutionConfigurationPlatforms) = preSolution
		Debug|Any CPU = Debug|Any CPU
		Release|Any CPU = Release|Any CPU
	EndGlobalSection
	GlobalSection(ProjectConfigurationPlatforms) = postSolution
		{77578F8B-3110-48D1-B678-6B8A4338223B}.Debug|Any CPU.ActiveCfg = Debug|Any CPU
		{77578F8B-3110-48D1-B678-6B8A4338223B}.Debug|Any CPU.Build.0 = Debug|Any CPU
		{77578F8B-3110-48D1-B678-6B8A4338223B}.Release|Any CPU.ActiveCfg = Release|Any CPU
		{77578F8B-3110-48D1-B678-6B8A4338223B}.Release|Any CPU.Build.0 = Release|Any CPU
	EndGlobalSection
	GlobalSection(SolutionProperties) = preSolution
		HideSolutionNode = FALSE
	EndGlobalSection
	GlobalSection(ExtensibilityGlobals) = postSolution
		SolutionGuid = {D20B9EA7-3038-49D5-ABD5-6B2C3F94136D}
	EndGlobalSection
EndGlobal
